// !$*UTF8*$!
{
	archiveVersion = 1;
	classes = {
	};
	objectVersion = 46;
	objects = {

/* Begin PBXBuildFile section */
		DAD0335A1A7A83710059B73F /* LaunchScreenViewController.swift in Sources */ = {isa = PBXBuildFile; fileRef = DAD033591A7A83710059B73F /* LaunchScreenViewController.swift */; };
		DAD08FC11A79719100E21F1B /* InfoPlist.strings in Resources */ = {isa = PBXBuildFile; fileRef = DAD08FC31A79719100E21F1B /* InfoPlist.strings */; };
		DAD08FC61A79719200E21F1B /* InfoPlist.strings in Resources */ = {isa = PBXBuildFile; fileRef = DAD08FC81A79719200E21F1B /* InfoPlist.strings */; };
		DAD1DD311A6EE9860096EC5E /* sitcomsInfo.plist in Resources */ = {isa = PBXBuildFile; fileRef = DAD1DD301A6EE9860096EC5E /* sitcomsInfo.plist */; };
		DAD1DD341A6EEC140096EC5E /* SitcomManager.swift in Sources */ = {isa = PBXBuildFile; fileRef = DAD1DD331A6EEC140096EC5E /* SitcomManager.swift */; };
		DADB21331A7677700051A48E /* bg.png in Resources */ = {isa = PBXBuildFile; fileRef = DADB21351A7677700051A48E /* bg.png */; };
		DAE3FC5D1A6C295100F7E904 /* AppDelegate.swift in Sources */ = {isa = PBXBuildFile; fileRef = DAE3FC5C1A6C295100F7E904 /* AppDelegate.swift */; };
		DAE3FC621A6C295100F7E904 /* Main.storyboard in Resources */ = {isa = PBXBuildFile; fileRef = DAE3FC601A6C295100F7E904 /* Main.storyboard */; };
		DAE3FC641A6C295100F7E904 /* Images.xcassets in Resources */ = {isa = PBXBuildFile; fileRef = DAE3FC631A6C295100F7E904 /* Images.xcassets */; };
		DAE3FC731A6C295100F7E904 /* Top_SitcomsTests.swift in Sources */ = {isa = PBXBuildFile; fileRef = DAE3FC721A6C295100F7E904 /* Top_SitcomsTests.swift */; };
		DAE3FC811A6C2BE700F7E904 /* TopSitcomsViewController.swift in Sources */ = {isa = PBXBuildFile; fileRef = DAE3FC801A6C2BE700F7E904 /* TopSitcomsViewController.swift */; };
		DAE3FC8F1A6C344600F7E904 /* Localizable.strings in Resources */ = {isa = PBXBuildFile; fileRef = DAE3FC911A6C344600F7E904 /* Localizable.strings */; };
/* End PBXBuildFile section */

/* Begin PBXContainerItemProxy section */
		DAE3FC6D1A6C295100F7E904 /* PBXContainerItemProxy */ = {
			isa = PBXContainerItemProxy;
			containerPortal = DAE3FC4F1A6C295100F7E904 /* Project object */;
			proxyType = 1;
			remoteGlobalIDString = DAE3FC561A6C295100F7E904;
			remoteInfo = "Top Sitcoms";
		};
/* End PBXContainerItemProxy section */

/* Begin PBXFileReference section */
		DAD033591A7A83710059B73F /* LaunchScreenViewController.swift */ = {isa = PBXFileReference; fileEncoding = 4; lastKnownFileType = sourcecode.swift; path = LaunchScreenViewController.swift; sourceTree = "<group>"; };
		DAD08FAC1A796F4D00E21F1B /* Base */ = {isa = PBXFileReference; lastKnownFileType = image.png; name = Base; path = Base.lproj/bg.png; sourceTree = "<group>"; };
		DAD08FD21A7974A300E21F1B /* Base */ = {isa = PBXFileReference; lastKnownFileType = text.plist.strings; name = Base; path = Base.lproj/InfoPlist.strings; sourceTree = "<group>"; };
		DAD08FD81A79750300E21F1B /* Base */ = {isa = PBXFileReference; lastKnownFileType = text.plist.strings; name = Base; path = Base.lproj/InfoPlist.strings; sourceTree = "<group>"; };
		DAD1DD301A6EE9860096EC5E /* sitcomsInfo.plist */ = {isa = PBXFileReference; fileEncoding = 4; lastKnownFileType = text.plist.xml; path = sitcomsInfo.plist; sourceTree = "<group>"; };
		DAD1DD331A6EEC140096EC5E /* SitcomManager.swift */ = {isa = PBXFileReference; fileEncoding = 4; lastKnownFileType = sourcecode.swift; path = SitcomManager.swift; sourceTree = "<group>"; };
		DAD23FBE1A7A96080042D2CA /* ar */ = {isa = PBXFileReference; lastKnownFileType = text.plist.strings; name = ar; path = ar.lproj/InfoPlist.strings; sourceTree = "<group>"; };
		DAD23FBF1A7A96090042D2CA /* ar */ = {isa = PBXFileReference; lastKnownFileType = text.plist.strings; name = ar; path = ar.lproj/InfoPlist.strings; sourceTree = "<group>"; };
		DAD23FC01A7A960A0042D2CA /* ar */ = {isa = PBXFileReference; lastKnownFileType = text.plist.strings; name = ar; path = ar.lproj/Localizable.strings; sourceTree = "<group>"; };
		DAD23FC11A7A960A0042D2CA /* ar */ = {isa = PBXFileReference; lastKnownFileType = text.plist.strings; name = ar; path = ar.lproj/Main.strings; sourceTree = "<group>"; };
		DAD23FC21A7A9A050042D2CA /* ar */ = {isa = PBXFileReference; lastKnownFileType = image.png; name = ar; path = ar.lproj/bg.png; sourceTree = "<group>"; };
		DAD23FC31A7A9A7B0042D2CA /* fr */ = {isa = PBXFileReference; lastKnownFileType = text.plist.strings; name = fr; path = fr.lproj/InfoPlist.strings; sourceTree = "<group>"; };
		DAD23FC41A7A9A7B0042D2CA /* fr */ = {isa = PBXFileReference; lastKnownFileType = text.plist.strings; name = fr; path = fr.lproj/InfoPlist.strings; sourceTree = "<group>"; };
		DAD23FC51A7A9A7B0042D2CA /* fr */ = {isa = PBXFileReference; lastKnownFileType = text.plist.strings; name = fr; path = fr.lproj/Localizable.strings; sourceTree = "<group>"; };
		DAD23FC61A7A9A7B0042D2CA /* fr */ = {isa = PBXFileReference; lastKnownFileType = text.plist.strings; name = fr; path = fr.lproj/Main.strings; sourceTree = "<group>"; };
		DAD23FC71A7A9A870042D2CA /* fr */ = {isa = PBXFileReference; lastKnownFileType = image.png; name = fr; path = fr.lproj/bg.png; sourceTree = "<group>"; };
		DAE3FC571A6C295100F7E904 /* Top Sitcoms.app */ = {isa = PBXFileReference; explicitFileType = wrapper.application; includeInIndex = 0; path = "Top Sitcoms.app"; sourceTree = BUILT_PRODUCTS_DIR; };
		DAE3FC5B1A6C295100F7E904 /* Info.plist */ = {isa = PBXFileReference; lastKnownFileType = text.plist.xml; path = Info.plist; sourceTree = "<group>"; };
		DAE3FC5C1A6C295100F7E904 /* AppDelegate.swift */ = {isa = PBXFileReference; lastKnownFileType = sourcecode.swift; path = AppDelegate.swift; sourceTree = "<group>"; };
		DAE3FC611A6C295100F7E904 /* Base */ = {isa = PBXFileReference; lastKnownFileType = file.storyboard; name = Base; path = Base.lproj/Main.storyboard; sourceTree = "<group>"; };
		DAE3FC631A6C295100F7E904 /* Images.xcassets */ = {isa = PBXFileReference; lastKnownFileType = folder.assetcatalog; path = Images.xcassets; sourceTree = "<group>"; };
		DAE3FC6C1A6C295100F7E904 /* Top SitcomsTests.xctest */ = {isa = PBXFileReference; explicitFileType = wrapper.cfbundle; includeInIndex = 0; path = "Top SitcomsTests.xctest"; sourceTree = BUILT_PRODUCTS_DIR; };
		DAE3FC711A6C295100F7E904 /* Info.plist */ = {isa = PBXFileReference; lastKnownFileType = text.plist.xml; path = Info.plist; sourceTree = "<group>"; };
		DAE3FC721A6C295100F7E904 /* Top_SitcomsTests.swift */ = {isa = PBXFileReference; lastKnownFileType = sourcecode.swift; path = Top_SitcomsTests.swift; sourceTree = "<group>"; };
		DAE3FC801A6C2BE700F7E904 /* TopSitcomsViewController.swift */ = {isa = PBXFileReference; fileEncoding = 4; lastKnownFileType = sourcecode.swift; path = TopSitcomsViewController.swift; sourceTree = "<group>"; };
		DAE3FC921A6C344900F7E904 /* Base */ = {isa = PBXFileReference; lastKnownFileType = text.plist.strings; name = Base; path = Base.lproj/Localizable.strings; sourceTree = "<group>"; };
/* End PBXFileReference section */

/* Begin PBXFrameworksBuildPhase section */
		DAE3FC541A6C295100F7E904 /* Frameworks */ = {
			isa = PBXFrameworksBuildPhase;
			buildActionMask = 2147483647;
			files = (
			);
			runOnlyForDeploymentPostprocessing = 0;
		};
		DAE3FC691A6C295100F7E904 /* Frameworks */ = {
			isa = PBXFrameworksBuildPhase;
			buildActionMask = 2147483647;
			files = (
			);
			runOnlyForDeploymentPostprocessing = 0;
		};
/* End PBXFrameworksBuildPhase section */

/* Begin PBXGroup section */
		DAD033581A7A83630059B73F /* LaunchScreenViewController */ = {
			isa = PBXGroup;
			children = (
				DAD033591A7A83710059B73F /* LaunchScreenViewController.swift */,
			);
			path = LaunchScreenViewController;
			sourceTree = "<group>";
		};
		DAD1DD2D1A6EE7990096EC5E /* GFX */ = {
			isa = PBXGroup;
			children = (
				DADB21351A7677700051A48E /* bg.png */,
			);
			path = GFX;
			sourceTree = "<group>";
		};
		DAD1DD321A6EEBEC0096EC5E /* SitcomManager */ = {
			isa = PBXGroup;
			children = (
				DAD1DD331A6EEC140096EC5E /* SitcomManager.swift */,
			);
			path = SitcomManager;
			sourceTree = "<group>";
		};
		DADB211D1A7671050051A48E /* Resources */ = {
			isa = PBXGroup;
			children = (
				DADB211E1A7671120051A48E /* XLIFF files */,
			);
			path = Resources;
			sourceTree = "<group>";
		};
		DADB211E1A7671120051A48E /* XLIFF files */ = {
			isa = PBXGroup;
			children = (
			);
			path = "XLIFF files";
			sourceTree = "<group>";
		};
		DAE3FC4E1A6C295100F7E904 = {
			isa = PBXGroup;
			children = (
				DAE3FC591A6C295100F7E904 /* Top Sitcoms */,
				DAE3FC6F1A6C295100F7E904 /* Top SitcomsTests */,
				DAE3FC581A6C295100F7E904 /* Products */,
			);
			sourceTree = "<group>";
		};
		DAE3FC581A6C295100F7E904 /* Products */ = {
			isa = PBXGroup;
			children = (
				DAE3FC571A6C295100F7E904 /* Top Sitcoms.app */,
				DAE3FC6C1A6C295100F7E904 /* Top SitcomsTests.xctest */,
			);
			name = Products;
			sourceTree = "<group>";
		};
		DAE3FC591A6C295100F7E904 /* Top Sitcoms */ = {
			isa = PBXGroup;
			children = (
				DADB211D1A7671050051A48E /* Resources */,
				DAD1DD2D1A6EE7990096EC5E /* GFX */,
				DAE3FC7C1A6C2BCE00F7E904 /* Controllers */,
				DAE3FC7E1A6C2BCE00F7E904 /* Model */,
				DAE3FC7F1A6C2BCE00F7E904 /* View */,
				DAE3FC5C1A6C295100F7E904 /* AppDelegate.swift */,
				DAE3FC601A6C295100F7E904 /* Main.storyboard */,
				DAE3FC631A6C295100F7E904 /* Images.xcassets */,
				DAE3FC5A1A6C295100F7E904 /* Supporting Files */,
				DAD1DD301A6EE9860096EC5E /* sitcomsInfo.plist */,
			);
			path = "Top Sitcoms";
			sourceTree = "<group>";
		};
		DAE3FC5A1A6C295100F7E904 /* Supporting Files */ = {
			isa = PBXGroup;
			children = (
				DAD08FC31A79719100E21F1B /* InfoPlist.strings */,
				DAE3FC5B1A6C295100F7E904 /* Info.plist */,
				DAE3FC911A6C344600F7E904 /* Localizable.strings */,
			);
			name = "Supporting Files";
			sourceTree = "<group>";
		};
		DAE3FC6F1A6C295100F7E904 /* Top SitcomsTests */ = {
			isa = PBXGroup;
			children = (
				DAE3FC721A6C295100F7E904 /* Top_SitcomsTests.swift */,
				DAE3FC701A6C295100F7E904 /* Supporting Files */,
			);
			path = "Top SitcomsTests";
			sourceTree = "<group>";
		};
		DAE3FC701A6C295100F7E904 /* Supporting Files */ = {
			isa = PBXGroup;
			children = (
				DAD08FC81A79719200E21F1B /* InfoPlist.strings */,
				DAE3FC711A6C295100F7E904 /* Info.plist */,
			);
			name = "Supporting Files";
			sourceTree = "<group>";
		};
		DAE3FC7C1A6C2BCE00F7E904 /* Controllers */ = {
			isa = PBXGroup;
			children = (
				DAD033581A7A83630059B73F /* LaunchScreenViewController */,
				DAE3FC7D1A6C2BCE00F7E904 /* TopSitcomsViewController */,
			);
			path = Controllers;
			sourceTree = "<group>";
		};
		DAE3FC7D1A6C2BCE00F7E904 /* TopSitcomsViewController */ = {
			isa = PBXGroup;
			children = (
				DAE3FC801A6C2BE700F7E904 /* TopSitcomsViewController.swift */,
			);
			path = TopSitcomsViewController;
			sourceTree = "<group>";
		};
		DAE3FC7E1A6C2BCE00F7E904 /* Model */ = {
			isa = PBXGroup;
			children = (
				DAD1DD321A6EEBEC0096EC5E /* SitcomManager */,
			);
			path = Model;
			sourceTree = "<group>";
		};
		DAE3FC7F1A6C2BCE00F7E904 /* View */ = {
			isa = PBXGroup;
			children = (
			);
			path = View;
			sourceTree = "<group>";
		};
/* End PBXGroup section */

/* Begin PBXNativeTarget section */
		DAE3FC561A6C295100F7E904 /* Top Sitcoms */ = {
			isa = PBXNativeTarget;
			buildConfigurationList = DAE3FC761A6C295100F7E904 /* Build configuration list for PBXNativeTarget "Top Sitcoms" */;
			buildPhases = (
				DAE3FC531A6C295100F7E904 /* Sources */,
				DAE3FC541A6C295100F7E904 /* Frameworks */,
				DAE3FC551A6C295100F7E904 /* Resources */,
			);
			buildRules = (
			);
			dependencies = (
			);
			name = "Top Sitcoms";
			productName = "Top Sitcoms";
			productReference = DAE3FC571A6C295100F7E904 /* Top Sitcoms.app */;
			productType = "com.apple.product-type.application";
		};
		DAE3FC6B1A6C295100F7E904 /* Top SitcomsTests */ = {
			isa = PBXNativeTarget;
			buildConfigurationList = DAE3FC791A6C295100F7E904 /* Build configuration list for PBXNativeTarget "Top SitcomsTests" */;
			buildPhases = (
				DAE3FC681A6C295100F7E904 /* Sources */,
				DAE3FC691A6C295100F7E904 /* Frameworks */,
				DAE3FC6A1A6C295100F7E904 /* Resources */,
			);
			buildRules = (
			);
			dependencies = (
				DAE3FC6E1A6C295100F7E904 /* PBXTargetDependency */,
			);
			name = "Top SitcomsTests";
			productName = "Top SitcomsTests";
			productReference = DAE3FC6C1A6C295100F7E904 /* Top SitcomsTests.xctest */;
			productType = "com.apple.product-type.bundle.unit-test";
		};
/* End PBXNativeTarget section */

/* Begin PBXProject section */
		DAE3FC4F1A6C295100F7E904 /* Project object */ = {
			isa = PBXProject;
			attributes = {
				LastUpgradeCheck = 0610;
				ORGANIZATIONNAME = "Hossam Ghareeb";
				TargetAttributes = {
					DAE3FC561A6C295100F7E904 = {
						CreatedOnToolsVersion = 6.1;
					};
					DAE3FC6B1A6C295100F7E904 = {
						CreatedOnToolsVersion = 6.1;
						TestTargetID = DAE3FC561A6C295100F7E904;
					};
				};
			};
			buildConfigurationList = DAE3FC521A6C295100F7E904 /* Build configuration list for PBXProject "Top Sitcoms" */;
			compatibilityVersion = "Xcode 3.2";
			developmentRegion = English;
			hasScannedForEncodings = 0;
			knownRegions = (
				en,
				Base,
				ar,
				fr,
			);
			mainGroup = DAE3FC4E1A6C295100F7E904;
			productRefGroup = DAE3FC581A6C295100F7E904 /* Products */;
			projectDirPath = "";
			projectRoot = "";
			targets = (
				DAE3FC561A6C295100F7E904 /* Top Sitcoms */,
				DAE3FC6B1A6C295100F7E904 /* Top SitcomsTests */,
			);
		};
/* End PBXProject section */

/* Begin PBXResourcesBuildPhase section */
		DAE3FC551A6C295100F7E904 /* Resources */ = {
			isa = PBXResourcesBuildPhase;
			buildActionMask = 2147483647;
			files = (
				DAE3FC621A6C295100F7E904 /* Main.storyboard in Resources */,
				DAD08FC11A79719100E21F1B /* InfoPlist.strings in Resources */,
				DAD1DD311A6EE9860096EC5E /* sitcomsInfo.plist in Resources */,
				DAE3FC8F1A6C344600F7E904 /* Localizable.strings in Resources */,
				DADB21331A7677700051A48E /* bg.png in Resources */,
				DAE3FC641A6C295100F7E904 /* Images.xcassets in Resources */,
			);
			runOnlyForDeploymentPostprocessing = 0;
		};
		DAE3FC6A1A6C295100F7E904 /* Resources */ = {
			isa = PBXResourcesBuildPhase;
			buildActionMask = 2147483647;
			files = (
				DAD08FC61A79719200E21F1B /* InfoPlist.strings in Resources */,
			);
			runOnlyForDeploymentPostprocessing = 0;
		};
/* End PBXResourcesBuildPhase section */

/* Begin PBXSourcesBuildPhase section */
		DAE3FC531A6C295100F7E904 /* Sources */ = {
			isa = PBXSourcesBuildPhase;
			buildActionMask = 2147483647;
			files = (
				DAE3FC5D1A6C295100F7E904 /* AppDelegate.swift in Sources */,
				DAD1DD341A6EEC140096EC5E /* SitcomManager.swift in Sources */,
				DAD0335A1A7A83710059B73F /* LaunchScreenViewController.swift in Sources */,
				DAE3FC811A6C2BE700F7E904 /* TopSitcomsViewController.swift in Sources */,
			);
			runOnlyForDeploymentPostprocessing = 0;
		};
		DAE3FC681A6C295100F7E904 /* Sources */ = {
			isa = PBXSourcesBuildPhase;
			buildActionMask = 2147483647;
			files = (
				DAE3FC731A6C295100F7E904 /* Top_SitcomsTests.swift in Sources */,
			);
			runOnlyForDeploymentPostprocessing = 0;
		};
/* End PBXSourcesBuildPhase section */

/* Begin PBXTargetDependency section */
		DAE3FC6E1A6C295100F7E904 /* PBXTargetDependency */ = {
			isa = PBXTargetDependency;
			target = DAE3FC561A6C295100F7E904 /* Top Sitcoms */;
			targetProxy = DAE3FC6D1A6C295100F7E904 /* PBXContainerItemProxy */;
		};
/* End PBXTargetDependency section */

/* Begin PBXVariantGroup section */
		DAD08FC31A79719100E21F1B /* InfoPlist.strings */ = {
			isa = PBXVariantGroup;
			children = (
				DAD08FD21A7974A300E21F1B /* Base */,
				DAD23FBF1A7A96090042D2CA /* ar */,
				DAD23FC41A7A9A7B0042D2CA /* fr */,
			);
			name = InfoPlist.strings;
			sourceTree = "<group>";
		};
		DAD08FC81A79719200E21F1B /* InfoPlist.strings */ = {
			isa = PBXVariantGroup;
			children = (
				DAD08FD81A79750300E21F1B /* Base */,
				DAD23FBE1A7A96080042D2CA /* ar */,
				DAD23FC31A7A9A7B0042D2CA /* fr */,
			);
			name = InfoPlist.strings;
			sourceTree = "<group>";
		};
		DADB21351A7677700051A48E /* bg.png */ = {
			isa = PBXVariantGroup;
			children = (
				DAD08FAC1A796F4D00E21F1B /* Base */,
				DAD23FC21A7A9A050042D2CA /* ar */,
				DAD23FC71A7A9A870042D2CA /* fr */,
			);
			name = bg.png;
			sourceTree = "<group>";
		};
		DAE3FC601A6C295100F7E904 /* Main.storyboard */ = {
			isa = PBXVariantGroup;
			children = (
				DAE3FC611A6C295100F7E904 /* Base */,
				DAD23FC11A7A960A0042D2CA /* ar */,
				DAD23FC61A7A9A7B0042D2CA /* fr */,
			);
			name = Main.storyboard;
			sourceTree = "<group>";
		};
		DAE3FC911A6C344600F7E904 /* Localizable.strings */ = {
			isa = PBXVariantGroup;
			children = (
				DAE3FC921A6C344900F7E904 /* Base */,
				DAD23FC01A7A960A0042D2CA /* ar */,
				DAD23FC51A7A9A7B0042D2CA /* fr */,
			);
			name = Localizable.strings;
			sourceTree = "<group>";
		};
/* End PBXVariantGroup section */

/* Begin XCBuildConfiguration section */
		DAE3FC741A6C295100F7E904 /* Debug */ = {
			isa = XCBuildConfiguration;
			buildSettings = {
				ALWAYS_SEARCH_USER_PATHS = NO;
				CLANG_CXX_LANGUAGE_STANDARD = "gnu++0x";
				CLANG_CXX_LIBRARY = "libc++";
				CLANG_ENABLE_MODULES = YES;
				CLANG_ENABLE_OBJC_ARC = YES;
				CLANG_WARN_BOOL_CONVERSION = YES;
				CLANG_WARN_CONSTANT_CONVERSION = YES;
				CLANG_WARN_DIRECT_OBJC_ISA_USAGE = YES_ERROR;
				CLANG_WARN_EMPTY_BODY = YES;
				CLANG_WARN_ENUM_CONVERSION = YES;
				CLANG_WARN_INT_CONVERSION = YES;
				CLANG_WARN_OBJC_ROOT_CLASS = YES_ERROR;
				CLANG_WARN_UNREACHABLE_CODE = YES;
				CLANG_WARN__DUPLICATE_METHOD_MATCH = YES;
				"CODE_SIGN_IDENTITY[sdk=iphoneos*]" = "iPhone Developer";
				COPY_PHASE_STRIP = NO;
				ENABLE_STRICT_OBJC_MSGSEND = YES;
				GCC_C_LANGUAGE_STANDARD = gnu99;
				GCC_DYNAMIC_NO_PIC = NO;
				GCC_OPTIMIZATION_LEVEL = 0;
				GCC_PREPROCESSOR_DEFINITIONS = (
					"DEBUG=1",
					"$(inherited)",
				);
				GCC_SYMBOLS_PRIVATE_EXTERN = NO;
				GCC_WARN_64_TO_32_BIT_CONVERSION = YES;
				GCC_WARN_ABOUT_RETURN_TYPE = YES_ERROR;
				GCC_WARN_UNDECLARED_SELECTOR = YES;
				GCC_WARN_UNINITIALIZED_AUTOS = YES_AGGRESSIVE;
				GCC_WARN_UNUSED_FUNCTION = YES;
				GCC_WARN_UNUSED_VARIABLE = YES;
				IPHONEOS_DEPLOYMENT_TARGET = 8.1;
				MTL_ENABLE_DEBUG_INFO = YES;
				ONLY_ACTIVE_ARCH = YES;
				SDKROOT = iphoneos;
				SWIFT_OPTIMIZATION_LEVEL = "-Onone";
			};
			name = Debug;
		};
		DAE3FC751A6C295100F7E904 /* Release */ = {
			isa = XCBuildConfiguration;
			buildSettings = {
				ALWAYS_SEARCH_USER_PATHS = NO;
				CLANG_CXX_LANGUAGE_STANDARD = "gnu++0x";
				CLANG_CXX_LIBRARY = "libc++";
				CLANG_ENABLE_MODULES = YES;
				CLANG_ENABLE_OBJC_ARC = YES;
				CLANG_WARN_BOOL_CONVERSION = YES;
				CLANG_WARN_CONSTANT_CONVERSION = YES;
				CLANG_WARN_DIRECT_OBJC_ISA_USAGE = YES_ERROR;
				CLANG_WARN_EMPTY_BODY = YES;
				CLANG_WARN_ENUM_CONVERSION = YES;
				CLANG_WARN_INT_CONVERSION = YES;
				CLANG_WARN_OBJC_ROOT_CLASS = YES_ERROR;
				CLANG_WARN_UNREACHABLE_CODE = YES;
				CLANG_WARN__DUPLICATE_METHOD_MATCH = YES;
				"CODE_SIGN_IDENTITY[sdk=iphoneos*]" = "iPhone Developer";
				COPY_PHASE_STRIP = YES;
				ENABLE_NS_ASSERTIONS = NO;
				ENABLE_STRICT_OBJC_MSGSEND = YES;
				GCC_C_LANGUAGE_STANDARD = gnu99;
				GCC_WARN_64_TO_32_BIT_CONVERSION = YES;
				GCC_WARN_ABOUT_RETURN_TYPE = YES_ERROR;
				GCC_WARN_UNDECLARED_SELECTOR = YES;
				GCC_WARN_UNINITIALIZED_AUTOS = YES_AGGRESSIVE;
				GCC_WARN_UNUSED_FUNCTION = YES;
				GCC_WARN_UNUSED_VARIABLE = YES;
				IPHONEOS_DEPLOYMENT_TARGET = 8.1;
				MTL_ENABLE_DEBUG_INFO = NO;
				SDKROOT = iphoneos;
				VALIDATE_PRODUCT = YES;
			};
			name = Release;
		};
		DAE3FC771A6C295100F7E904 /* Debug */ = {
			isa = XCBuildConfiguration;
			buildSettings = {
				ASSETCATALOG_COMPILER_APPICON_NAME = AppIcon;
				ASSETCATALOG_COMPILER_LAUNCHIMAGE_NAME = LaunchImage;
				CODE_SIGN_IDENTITY = "iPhone Developer: Hossam Ghareeb (5K6NTRJ3D7)";
				INFOPLIST_FILE = "Top Sitcoms/Info.plist";
				LD_RUNPATH_SEARCH_PATHS = "$(inherited) @executable_path/Frameworks";
				PRODUCT_NAME = "$(TARGET_NAME)";
				PROVISIONING_PROFILE = "ac15cd29-8018-4ca3-826f-ea4beeea4231";
			};
			name = Debug;
		};
		DAE3FC781A6C295100F7E904 /* Release */ = {
			isa = XCBuildConfiguration;
			buildSettings = {
				ASSETCATALOG_COMPILER_APPICON_NAME = AppIcon;
				ASSETCATALOG_COMPILER_LAUNCHIMAGE_NAME = LaunchImage;
				CODE_SIGN_IDENTITY = "iPhone Developer: Hossam Ghareeb (5K6NTRJ3D7)";
				INFOPLIST_FILE = "Top Sitcoms/Info.plist";
				LD_RUNPATH_SEARCH_PATHS = "$(inherited) @executable_path/Frameworks";
				PRODUCT_NAME = "$(TARGET_NAME)";
				PROVISIONING_PROFILE = "ac15cd29-8018-4ca3-826f-ea4beeea4231";
			};
			name = Release;
		};
		DAE3FC7A1A6C295100F7E904 /* Debug */ = {
			isa = XCBuildConfiguration;
			buildSettings = {
				BUNDLE_LOADER = "$(TEST_HOST)";
				FRAMEWORK_SEARCH_PATHS = (
					"$(SDKROOT)/Developer/Library/Frameworks",
					"$(inherited)",
				);
				GCC_PREPROCESSOR_DEFINITIONS = (
					"DEBUG=1",
					"$(inherited)",
				);
				INFOPLIST_FILE = "Top SitcomsTests/Info.plist";
				LD_RUNPATH_SEARCH_PATHS = "$(inherited) @executable_path/Frameworks @loader_path/Frameworks";
				PRODUCT_NAME = "$(TARGET_NAME)";
				TEST_HOST = "$(BUILT_PRODUCTS_DIR)/Top Sitcoms.app/Top Sitcoms";
			};
			name = Debug;
		};
		DAE3FC7B1A6C295100F7E904 /* Release */ = {
			isa = XCBuildConfiguration;
			buildSettings = {
				BUNDLE_LOADER = "$(TEST_HOST)";
				FRAMEWORK_SEARCH_PATHS = (
					"$(SDKROOT)/Developer/Library/Frameworks",
					"$(inherited)",
				);
				INFOPLIST_FILE = "Top SitcomsTests/Info.plist";
				LD_RUNPATH_SEARCH_PATHS = "$(inherited) @executable_path/Frameworks @loader_path/Frameworks";
				PRODUCT_NAME = "$(TARGET_NAME)";
				TEST_HOST = "$(BUILT_PRODUCTS_DIR)/Top Sitcoms.app/Top Sitcoms";
			};
			name = Release;
		};
/* End XCBuildConfiguration section */

/* Begin XCConfigurationList section */
		DAE3FC521A6C295100F7E904 /* Build configuration list for PBXProject "Top Sitcoms" */ = {
			isa = XCConfigurationList;
			buildConfigurations = (
				DAE3FC741A6C295100F7E904 /* Debug */,
				DAE3FC751A6C295100F7E904 /* Release */,
			);
			defaultConfigurationIsVisible = 0;
			defaultConfigurationName = Release;
		};
		DAE3FC761A6C295100F7E904 /* Build configuration list for PBXNativeTarget "Top Sitcoms" */ = {
			isa = XCConfigurationList;
			buildConfigurations = (
				DAE3FC771A6C295100F7E904 /* Debug */,
				DAE3FC781A6C295100F7E904 /* Release */,
			);
			defaultConfigurationIsVisible = 0;
			defaultConfigurationName = Release;
		};
		DAE3FC791A6C295100F7E904 /* Build configuration list for PBXNativeTarget "Top SitcomsTests" */ = {
			isa = XCConfigurationList;
			buildConfigurations = (
				DAE3FC7A1A6C295100F7E904 /* Debug */,
				DAE3FC7B1A6C295100F7E904 /* Release */,
			);
			defaultConfigurationIsVisible = 0;
			defaultConfigurationName = Release;
		};
/* End XCConfigurationList section */
	};
	rootObject = DAE3FC4F1A6C295100F7E904 /* Project object */;
}
